
Microsoft Visual Studio Solution File, Format Version 12.00
# Visual Studio Version 16
VisualStudioVersion = 16.0.29318.209
MinimumVisualStudioVersion = 10.0.40219.1
Project("{2150E333-8FDC-42A3-9474-1A3956D46DE8}") = "MicroServiceDemo", "MicroServiceDemo", "{D97ADABF-DD97-4F72-AB0F-2E3F0B20DC60}"
	ProjectSection(SolutionItems) = preProject
		..\..\netcore\mvcApp\README.md = ..\..\netcore\mvcApp\README.md
	EndProjectSection
EndProject
Project("{9A19103F-16F7-4668-BE54-9A1E7A4F7556}") = "ApiGateway", "MicroServiceDemo\ApiGateway\ApiGateway.csproj", "{AD5B2D3B-B144-4722-91CF-B2FC6B8180D3}"
EndProject
Project("{9A19103F-16F7-4668-BE54-9A1E7A4F7556}") = "ApiService1", "MicroServiceDemo\WebApplication1\ApiService1.csproj", "{AE85A011-807E-4AB3-9683-02C4CA2B6B8A}"
EndProject
Project("{9A19103F-16F7-4668-BE54-9A1E7A4F7556}") = "ApiService2", "MicroServiceDemo\WebApplication2\ApiService2.csproj", "{C44AFE47-EFD7-4A5E-A9DA-73F1C91FE4F8}"
EndProject
Project("{9A19103F-16F7-4668-BE54-9A1E7A4F7556}") = "WebApp", "WebApp\WebApp.csproj", "{D0181FB7-95D4-4CBC-8224-6E646EDE9B6A}"
EndProject
Project("{9A19103F-16F7-4668-BE54-9A1E7A4F7556}") = "ConsoleApp", "ConsoleApp\ConsoleApp.csproj", "{00DBE22B-EBB4-483A-9DDE-9DED6EDF7A2C}"
EndProject
Project("{9A19103F-16F7-4668-BE54-9A1E7A4F7556}") = "GrpcServer", "GrpcServer\GrpcServer.csproj", "{032F77D6-43EE-40D3-B673-EC36855EB063}"
EndProject
Project("{9A19103F-16F7-4668-BE54-9A1E7A4F7556}") = "GrpcClient", "GrpcClient\GrpcClient.csproj", "{A80C2827-5AD9-4BCA-8738-47E542306D88}"
EndProject
Project("{9A19103F-16F7-4668-BE54-9A1E7A4F7556}") = "LibraryTemplate", "LibraryTemplate\LibraryTemplate.csproj", "{F4175D75-C364-455E-BA1A-17119AB71B07}"
EndProject
Project("{9A19103F-16F7-4668-BE54-9A1E7A4F7556}") = "LibraryPlugin", "LibraryPlugin\LibraryPlugin.csproj", "{7070206D-853D-47E5-BBB1-96DBBD6BD317}"
EndProject
Project("{FAE04EC0-301F-11D3-BF4B-00C04F79EFBC}") = "MiniAspNetCoreMvc", "MiniAspNetCoreMvc\MiniAspNetCoreMvc.csproj", "{0F685BD0-496A-4448-8B4F-D4A7FC28FF9E}"
EndProject
Global
	GlobalSection(SolutionConfigurationPlatforms) = preSolution
		Debug|Any CPU = Debug|Any CPU
		Release|Any CPU = Release|Any CPU
	EndGlobalSection
	GlobalSection(ProjectConfigurationPlatforms) = postSolution
		{AD5B2D3B-B144-4722-91CF-B2FC6B8180D3}.Debug|Any CPU.ActiveCfg = Debug|Any CPU
		{AD5B2D3B-B144-4722-91CF-B2FC6B8180D3}.Debug|Any CPU.Build.0 = Debug|Any CPU
		{AD5B2D3B-B144-4722-91CF-B2FC6B8180D3}.Release|Any CPU.ActiveCfg = Release|Any CPU
		{AD5B2D3B-B144-4722-91CF-B2FC6B8180D3}.Release|Any CPU.Build.0 = Release|Any CPU
		{AE85A011-807E-4AB3-9683-02C4CA2B6B8A}.Debug|Any CPU.ActiveCfg = Debug|Any CPU
		{AE85A011-807E-4AB3-9683-02C4CA2B6B8A}.Debug|Any CPU.Build.0 = Debug|Any CPU
		{AE85A011-807E-4AB3-9683-02C4CA2B6B8A}.Release|Any CPU.ActiveCfg = Release|Any CPU
		{AE85A011-807E-4AB3-9683-02C4CA2B6B8A}.Release|Any CPU.Build.0 = Release|Any CPU
		{C44AFE47-EFD7-4A5E-A9DA-73F1C91FE4F8}.Debug|Any CPU.ActiveCfg = Debug|Any CPU
		{C44AFE47-EFD7-4A5E-A9DA-73F1C91FE4F8}.Debug|Any CPU.Build.0 = Debug|Any CPU
		{C44AFE47-EFD7-4A5E-A9DA-73F1C91FE4F8}.Release|Any CPU.ActiveCfg = Release|Any CPU
		{C44AFE47-EFD7-4A5E-A9DA-73F1C91FE4F8}.Release|Any CPU.Build.0 = Release|Any CPU
		{D0181FB7-95D4-4CBC-8224-6E646EDE9B6A}.Debug|Any CPU.ActiveCfg = Debug|Any CPU
		{D0181FB7-95D4-4CBC-8224-6E646EDE9B6A}.Debug|Any CPU.Build.0 = Debug|Any CPU
		{D0181FB7-95D4-4CBC-8224-6E646EDE9B6A}.Release|Any CPU.ActiveCfg = Release|Any CPU
		{D0181FB7-95D4-4CBC-8224-6E646EDE9B6A}.Release|Any CPU.Build.0 = Release|Any CPU
		{00DBE22B-EBB4-483A-9DDE-9DED6EDF7A2C}.Debug|Any CPU.ActiveCfg = Debug|Any CPU
		{00DBE22B-EBB4-483A-9DDE-9DED6EDF7A2C}.Debug|Any CPU.Build.0 = Debug|Any CPU
		{00DBE22B-EBB4-483A-9DDE-9DED6EDF7A2C}.Release|Any CPU.ActiveCfg = Release|Any CPU
		{00DBE22B-EBB4-483A-9DDE-9DED6EDF7A2C}.Release|Any CPU.Build.0 = Release|Any CPU
		{032F77D6-43EE-40D3-B673-EC36855EB063}.Debug|Any CPU.ActiveCfg = Debug|Any CPU
		{032F77D6-43EE-40D3-B673-EC36855EB063}.Debug|Any CPU.Build.0 = Debug|Any CPU
		{032F77D6-43EE-40D3-B673-EC36855EB063}.Release|Any CPU.ActiveCfg = Release|Any CPU
		{032F77D6-43EE-40D3-B673-EC36855EB063}.Release|Any CPU.Build.0 = Release|Any CPU
		{A80C2827-5AD9-4BCA-8738-47E542306D88}.Debug|Any CPU.ActiveCfg = Debug|Any CPU
		{A80C2827-5AD9-4BCA-8738-47E542306D88}.Debug|Any CPU.Build.0 = Debug|Any CPU
		{A80C2827-5AD9-4BCA-8738-47E542306D88}.Release|Any CPU.ActiveCfg = Release|Any CPU
		{A80C2827-5AD9-4BCA-8738-47E542306D88}.Release|Any CPU.Build.0 = Release|Any CPU
		{F4175D75-C364-455E-BA1A-17119AB71B07}.Debug|Any CPU.ActiveCfg = Debug|Any CPU
		{F4175D75-C364-455E-BA1A-17119AB71B07}.Debug|Any CPU.Build.0 = Debug|Any CPU
		{F4175D75-C364-455E-BA1A-17119AB71B07}.Release|Any CPU.ActiveCfg = Release|Any CPU
		{F4175D75-C364-455E-BA1A-17119AB71B07}.Release|Any CPU.Build.0 = Release|Any CPU
		{7070206D-853D-47E5-BBB1-96DBBD6BD317}.Debug|Any CPU.ActiveCfg = Debug|Any CPU
		{7070206D-853D-47E5-BBB1-96DBBD6BD317}.Debug|Any CPU.Build.0 = Debug|Any CPU
		{7070206D-853D-47E5-BBB1-96DBBD6BD317}.Release|Any CPU.ActiveCfg = Release|Any CPU
		{7070206D-853D-47E5-BBB1-96DBBD6BD317}.Release|Any CPU.Build.0 = Release|Any CPU
		{0F685BD0-496A-4448-8B4F-D4A7FC28FF9E}.Debug|Any CPU.ActiveCfg = Debug|Any CPU
		{0F685BD0-496A-4448-8B4F-D4A7FC28FF9E}.Debug|Any CPU.Build.0 = Debug|Any CPU
		{0F685BD0-496A-4448-8B4F-D4A7FC28FF9E}.Release|Any CPU.ActiveCfg = Release|Any CPU
		{0F685BD0-496A-4448-8B4F-D4A7FC28FF9E}.Release|Any CPU.Build.0 = Release|Any CPU
	EndGlobalSection
	GlobalSection(SolutionProperties) = preSolution
		HideSolutionNode = FALSE
	EndGlobalSection
	GlobalSection(NestedProjects) = preSolution
		{AD5B2D3B-B144-4722-91CF-B2FC6B8180D3} = {D97ADABF-DD97-4F72-AB0F-2E3F0B20DC60}
		{AE85A011-807E-4AB3-9683-02C4CA2B6B8A} = {D97ADABF-DD97-4F72-AB0F-2E3F0B20DC60}
		{C44AFE47-EFD7-4A5E-A9DA-73F1C91FE4F8} = {D97ADABF-DD97-4F72-AB0F-2E3F0B20DC60}
		{032F77D6-43EE-40D3-B673-EC36855EB063} = {D97ADABF-DD97-4F72-AB0F-2E3F0B20DC60}
		{A80C2827-5AD9-4BCA-8738-47E542306D88} = {D97ADABF-DD97-4F72-AB0F-2E3F0B20DC60}
	EndGlobalSection
	GlobalSection(ExtensibilityGlobals) = postSolution
		SolutionGuid = {127E1703-1144-4207-8630-7E71583C3B99}
	EndGlobalSection
EndGlobal
